
Microsoft Visual Studio Solution File, Format Version 12.00
# Visual Studio Version 16
VisualStudioVersion = 16.6.30114.105
MinimumVisualStudioVersion = 10.0.40219.1
Project("{9A19103F-16F7-4668-BE54-9A1E7A4F7556}") = "DNHDL", "DNHDL\DNHDL.csproj", "{ACF38E9A-3450-4875-98B4-7ED05109C26C}"
EndProject
Project("{9A19103F-16F7-4668-BE54-9A1E7A4F7556}") = "DNHBL", "DNHBL\DNHBL.csproj", "{728FB4EB-704E-4725-BE50-9B24C30531AB}"
EndProject
Project("{9A19103F-16F7-4668-BE54-9A1E7A4F7556}") = "DNHREST", "DNHREST\DNHREST.csproj", "{D5553E1C-BBD9-428D-98E0-6DDCC21BECA0}"
EndProject
Project("{9A19103F-16F7-4668-BE54-9A1E7A4F7556}") = "DNHTest", "DNHTest\DNHTest.csproj", "{74F48433-11AA-4EEF-8C9A-3F0CA41387B0}"
EndProject
Project("{FAE04EC0-301F-11D3-BF4B-00C04F79EFBC}") = "DNHModels", "DNHModels\DNHModels.csproj", "{4978DB5D-4B0E-4377-9626-0C726187283C}"
EndProject
Global
	GlobalSection(SolutionConfigurationPlatforms) = preSolution
		Debug|Any CPU = Debug|Any CPU
		Debug|x64 = Debug|x64
		Debug|x86 = Debug|x86
		Release|Any CPU = Release|Any CPU
		Release|x64 = Release|x64
		Release|x86 = Release|x86
	EndGlobalSection
	GlobalSection(ProjectConfigurationPlatforms) = postSolution
		{ACF38E9A-3450-4875-98B4-7ED05109C26C}.Debug|Any CPU.ActiveCfg = Debug|Any CPU
		{ACF38E9A-3450-4875-98B4-7ED05109C26C}.Debug|Any CPU.Build.0 = Debug|Any CPU
		{ACF38E9A-3450-4875-98B4-7ED05109C26C}.Debug|x64.ActiveCfg = Debug|Any CPU
		{ACF38E9A-3450-4875-98B4-7ED05109C26C}.Debug|x64.Build.0 = Debug|Any CPU
		{ACF38E9A-3450-4875-98B4-7ED05109C26C}.Debug|x86.ActiveCfg = Debug|Any CPU
		{ACF38E9A-3450-4875-98B4-7ED05109C26C}.Debug|x86.Build.0 = Debug|Any CPU
		{ACF38E9A-3450-4875-98B4-7ED05109C26C}.Release|Any CPU.ActiveCfg = Release|Any CPU
		{ACF38E9A-3450-4875-98B4-7ED05109C26C}.Release|Any CPU.Build.0 = Release|Any CPU
		{ACF38E9A-3450-4875-98B4-7ED05109C26C}.Release|x64.ActiveCfg = Release|Any CPU
		{ACF38E9A-3450-4875-98B4-7ED05109C26C}.Release|x64.Build.0 = Release|Any CPU
		{ACF38E9A-3450-4875-98B4-7ED05109C26C}.Release|x86.ActiveCfg = Release|Any CPU
		{ACF38E9A-3450-4875-98B4-7ED05109C26C}.Release|x86.Build.0 = Release|Any CPU
		{728FB4EB-704E-4725-BE50-9B24C30531AB}.Debug|Any CPU.ActiveCfg = Debug|Any CPU
		{728FB4EB-704E-4725-BE50-9B24C30531AB}.Debug|Any CPU.Build.0 = Debug|Any CPU
		{728FB4EB-704E-4725-BE50-9B24C30531AB}.Debug|x64.ActiveCfg = Debug|Any CPU
		{728FB4EB-704E-4725-BE50-9B24C30531AB}.Debug|x64.Build.0 = Debug|Any CPU
		{728FB4EB-704E-4725-BE50-9B24C30531AB}.Debug|x86.ActiveCfg = Debug|Any CPU
		{728FB4EB-704E-4725-BE50-9B24C30531AB}.Debug|x86.Build.0 = Debug|Any CPU
		{728FB4EB-704E-4725-BE50-9B24C30531AB}.Release|Any CPU.ActiveCfg = Release|Any CPU
		{728FB4EB-704E-4725-BE50-9B24C30531AB}.Release|Any CPU.Build.0 = Release|Any CPU
		{728FB4EB-704E-4725-BE50-9B24C30531AB}.Release|x64.ActiveCfg = Release|Any CPU
		{728FB4EB-704E-4725-BE50-9B24C30531AB}.Release|x64.Build.0 = Release|Any CPU
		{728FB4EB-704E-4725-BE50-9B24C30531AB}.Release|x86.ActiveCfg = Release|Any CPU
		{728FB4EB-704E-4725-BE50-9B24C30531AB}.Release|x86.Build.0 = Release|Any CPU
		{D5553E1C-BBD9-428D-98E0-6DDCC21BECA0}.Debug|Any CPU.ActiveCfg = Debug|Any CPU
		{D5553E1C-BBD9-428D-98E0-6DDCC21BECA0}.Debug|Any CPU.Build.0 = Debug|Any CPU
		{D5553E1C-BBD9-428D-98E0-6DDCC21BECA0}.Debug|x64.ActiveCfg = Debug|Any CPU
		{D5553E1C-BBD9-428D-98E0-6DDCC21BECA0}.Debug|x64.Build.0 = Debug|Any CPU
		{D5553E1C-BBD9-428D-98E0-6DDCC21BECA0}.Debug|x86.ActiveCfg = Debug|Any CPU
		{D5553E1C-BBD9-428D-98E0-6DDCC21BECA0}.Debug|x86.Build.0 = Debug|Any CPU
		{D5553E1C-BBD9-428D-98E0-6DDCC21BECA0}.Release|Any CPU.ActiveCfg = Release|Any CPU
		{D5553E1C-BBD9-428D-98E0-6DDCC21BECA0}.Release|Any CPU.Build.0 = Release|Any CPU
		{D5553E1C-BBD9-428D-98E0-6DDCC21BECA0}.Release|x64.ActiveCfg = Release|Any CPU
		{D5553E1C-BBD9-428D-98E0-6DDCC21BECA0}.Release|x64.Build.0 = Release|Any CPU
		{D5553E1C-BBD9-428D-98E0-6DDCC21BECA0}.Release|x86.ActiveCfg = Release|Any CPU
		{D5553E1C-BBD9-428D-98E0-6DDCC21BECA0}.Release|x86.Build.0 = Release|Any CPU
		{74F48433-11AA-4EEF-8C9A-3F0CA41387B0}.Debug|Any CPU.ActiveCfg = Debug|Any CPU
		{74F48433-11AA-4EEF-8C9A-3F0CA41387B0}.Debug|Any CPU.Build.0 = Debug|Any CPU
		{74F48433-11AA-4EEF-8C9A-3F0CA41387B0}.Debug|x64.ActiveCfg = Debug|Any CPU
		{74F48433-11AA-4EEF-8C9A-3F0CA41387B0}.Debug|x64.Build.0 = Debug|Any CPU
		{74F48433-11AA-4EEF-8C9A-3F0CA41387B0}.Debug|x86.ActiveCfg = Debug|Any CPU
		{74F48433-11AA-4EEF-8C9A-3F0CA41387B0}.Debug|x86.Build.0 = Debug|Any CPU
		{74F48433-11AA-4EEF-8C9A-3F0CA41387B0}.Release|Any CPU.ActiveCfg = Release|Any CPU
		{74F48433-11AA-4EEF-8C9A-3F0CA41387B0}.Release|Any CPU.Build.0 = Release|Any CPU
		{74F48433-11AA-4EEF-8C9A-3F0CA41387B0}.Release|x64.ActiveCfg = Release|Any CPU
		{74F48433-11AA-4EEF-8C9A-3F0CA41387B0}.Release|x64.Build.0 = Release|Any CPU
		{74F48433-11AA-4EEF-8C9A-3F0CA41387B0}.Release|x86.ActiveCfg = Release|Any CPU
		{74F48433-11AA-4EEF-8C9A-3F0CA41387B0}.Release|x86.Build.0 = Release|Any CPU
		{4978DB5D-4B0E-4377-9626-0C726187283C}.Debug|Any CPU.ActiveCfg = Debug|Any CPU
		{4978DB5D-4B0E-4377-9626-0C726187283C}.Debug|Any CPU.Build.0 = Debug|Any CPU
		{4978DB5D-4B0E-4377-9626-0C726187283C}.Debug|x64.ActiveCfg = Debug|Any CPU
		{4978DB5D-4B0E-4377-9626-0C726187283C}.Debug|x64.Build.0 = Debug|Any CPU
		{4978DB5D-4B0E-4377-9626-0C726187283C}.Debug|x86.ActiveCfg = Debug|Any CPU
		{4978DB5D-4B0E-4377-9626-0C726187283C}.Debug|x86.Build.0 = Debug|Any CPU
		{4978DB5D-4B0E-4377-9626-0C726187283C}.Release|Any CPU.ActiveCfg = Release|Any CPU
		{4978DB5D-4B0E-4377-9626-0C726187283C}.Release|Any CPU.Build.0 = Release|Any CPU
		{4978DB5D-4B0E-4377-9626-0C726187283C}.Release|x64.ActiveCfg = Release|Any CPU
		{4978DB5D-4B0E-4377-9626-0C726187283C}.Release|x64.Build.0 = Release|Any CPU
		{4978DB5D-4B0E-4377-9626-0C726187283C}.Release|x86.ActiveCfg = Release|Any CPU
		{4978DB5D-4B0E-4377-9626-0C726187283C}.Release|x86.Build.0 = Release|Any CPU
	EndGlobalSection
	GlobalSection(SolutionProperties) = preSolution
		HideSolutionNode = FALSE
	EndGlobalSection
	GlobalSection(ExtensibilityGlobals) = postSolution
		SolutionGuid = {D1775DA0-FB75-4B99-A663-73E47713CA6A}
	EndGlobalSection
EndGlobal
